
Microsoft Visual Studio Solution File, Format Version 12.00
# Visual Studio Version 16
VisualStudioVersion = 16.0.28803.352
MinimumVisualStudioVersion = 10.0.40219.1
Project("{FAE04EC0-301F-11D3-BF4B-00C04F79EFBC}") = "KnowledgeBase.API", "KnowledgeBase.API\KnowledgeBase.API.csproj", "{62F427F6-2FF3-4B4E-BC2E-ED340A1E255B}"
EndProject
Project("{FAE04EC0-301F-11D3-BF4B-00C04F79EFBC}") = "KnowledgeBase.Services.Articles", "KnowledgeBase.Services.Articles\KnowledgeBase.Services.Articles.csproj", "{D87C44EE-A4B0-4A16-A7C0-664373E07C9C}"
EndProject
Project("{FAE04EC0-301F-11D3-BF4B-00C04F79EFBC}") = "KnowledgeBase.Common", "KnowledgeBase.Common\KnowledgeBase.Common.csproj", "{F7937894-D9D6-48C0-A6FB-10258C9C04B9}"
EndProject
Global
	GlobalSection(SolutionConfigurationPlatforms) = preSolution
		Debug|Any CPU = Debug|Any CPU
		Release|Any CPU = Release|Any CPU
	EndGlobalSection
	GlobalSection(ProjectConfigurationPlatforms) = postSolution
		{62F427F6-2FF3-4B4E-BC2E-ED340A1E255B}.Debug|Any CPU.ActiveCfg = Debug|Any CPU
		{62F427F6-2FF3-4B4E-BC2E-ED340A1E255B}.Debug|Any CPU.Build.0 = Debug|Any CPU
		{62F427F6-2FF3-4B4E-BC2E-ED340A1E255B}.Release|Any CPU.ActiveCfg = Release|Any CPU
		{62F427F6-2FF3-4B4E-BC2E-ED340A1E255B}.Release|Any CPU.Build.0 = Release|Any CPU
		{D87C44EE-A4B0-4A16-A7C0-664373E07C9C}.Debug|Any CPU.ActiveCfg = Debug|Any CPU
		{D87C44EE-A4B0-4A16-A7C0-664373E07C9C}.Debug|Any CPU.Build.0 = Debug|Any CPU
		{D87C44EE-A4B0-4A16-A7C0-664373E07C9C}.Release|Any CPU.ActiveCfg = Release|Any CPU
		{D87C44EE-A4B0-4A16-A7C0-664373E07C9C}.Release|Any CPU.Build.0 = Release|Any CPU
		{F7937894-D9D6-48C0-A6FB-10258C9C04B9}.Debug|Any CPU.ActiveCfg = Debug|Any CPU
		{F7937894-D9D6-48C0-A6FB-10258C9C04B9}.Debug|Any CPU.Build.0 = Debug|Any CPU
		{F7937894-D9D6-48C0-A6FB-10258C9C04B9}.Release|Any CPU.ActiveCfg = Release|Any CPU
		{F7937894-D9D6-48C0-A6FB-10258C9C04B9}.Release|Any CPU.Build.0 = Release|Any CPU
	EndGlobalSection
	GlobalSection(SolutionProperties) = preSolution
		HideSolutionNode = FALSE
	EndGlobalSection
	GlobalSection(ExtensibilityGlobals) = postSolution
		SolutionGuid = {83F053B0-D90E-47F7-AF7D-9C3882EB6EB9}
	EndGlobalSection
EndGlobal
